// !$*UTF8*$!
{
	archiveVersion = 1;
	classes = {
	};
	objectVersion = 56;
	objects = {

/* Begin PBXBuildFile section */
		B1A000000000000000000001 /* KekeApp.swift in Sources */ = {isa = PBXBuildFile; fileRef = F1A000000000000000000001 /* KekeApp.swift */; };
		B1A000000000000000000002 /* Theme.swift in Sources */ = {isa = PBXBuildFile; fileRef = F1A000000000000000000002 /* Theme.swift */; };
		B6E000000000000000000001 /* Localization.swift in Sources */ = {isa = PBXBuildFile; fileRef = F6E000000000000000000001 /* Localization.swift */; };
		B1A000000000000000000003 /* ChatMessage.swift in Sources */ = {isa = PBXBuildFile; fileRef = F1A000000000000000000003 /* ChatMessage.swift */; };
		B1A000000000000000000004 /* ClaudeService.swift in Sources */ = {isa = PBXBuildFile; fileRef = F1A000000000000000000004 /* ClaudeService.swift */; };
		B3B000000000000000000001 /* Providers.swift in Sources */ = {isa = PBXBuildFile; fileRef = F3B000000000000000000001 /* Providers.swift */; };
		B1A000000000000000000005 /* ChatStore.swift in Sources */ = {isa = PBXBuildFile; fileRef = F1A000000000000000000005 /* ChatStore.swift */; };
		B1A000000000000000000006 /* HealthService.swift in Sources */ = {isa = PBXBuildFile; fileRef = F1A000000000000000000006 /* HealthService.swift */; };
		B1A000000000000000000007 /* MemoryService.swift in Sources */ = {isa = PBXBuildFile; fileRef = F1A000000000000000000007 /* MemoryService.swift */; };
		B1A000000000000000000008 /* NudgeService.swift in Sources */ = {isa = PBXBuildFile; fileRef = F1A000000000000000000008 /* NudgeService.swift */; };
		B1A000000000000000000009 /* DeviceContextService.swift in Sources */ = {isa = PBXBuildFile; fileRef = F1A000000000000000000009 /* DeviceContextService.swift */; };
		B1A00000000000000000000A /* AlarmService.swift in Sources */ = {isa = PBXBuildFile; fileRef = F1A00000000000000000000A /* AlarmService.swift */; };
		B1A00000000000000000000B /* CycleService.swift in Sources */ = {isa = PBXBuildFile; fileRef = F1A00000000000000000000B /* CycleService.swift */; };
		B1A00000000000000000000C /* Attachments.swift in Sources */ = {isa = PBXBuildFile; fileRef = F1A00000000000000000000C /* Attachments.swift */; };
		B4C000000000000000000001 /* KeyboardObserver.swift in Sources */ = {isa = PBXBuildFile; fileRef = F4C000000000000000000001 /* KeyboardObserver.swift */; };
		B5D000000000000000000001 /* Moment.swift in Sources */ = {isa = PBXBuildFile; fileRef = F5D000000000000000000001 /* Moment.swift */; };
		B8A000000000000000000001 /* Book.swift in Sources */ = {isa = PBXBuildFile; fileRef = F8A000000000000000000001 /* Book.swift */; };
		B5D000000000000000000002 /* MomentsStore.swift in Sources */ = {isa = PBXBuildFile; fileRef = F5D000000000000000000002 /* MomentsStore.swift */; };
		B5D000000000000000000003 /* MomentsView.swift in Sources */ = {isa = PBXBuildFile; fileRef = F5D000000000000000000003 /* MomentsView.swift */; };
		B7F000000000000000000004 /* PetStatsService.swift in Sources */ = {isa = PBXBuildFile; fileRef = F7F000000000000000000004 /* PetStatsService.swift */; };
		B1A00000000000000000000D /* RootView.swift in Sources */ = {isa = PBXBuildFile; fileRef = F1A00000000000000000000D /* RootView.swift */; };
		B7F000000000000000000002 /* BottomTabBar.swift in Sources */ = {isa = PBXBuildFile; fileRef = F7F000000000000000000002 /* BottomTabBar.swift */; };
		B7F000000000000000000001 /* HomeView.swift in Sources */ = {isa = PBXBuildFile; fileRef = F7F000000000000000000001 /* HomeView.swift */; };
		B7F000000000000000000098 /* PersonaPickerView.swift in Sources */ = {isa = PBXBuildFile; fileRef = F7F000000000000000000098 /* PersonaPickerView.swift */; };
		B7F000000000000000000099 /* Persona.swift in Sources */ = {isa = PBXBuildFile; fileRef = F7F000000000000000000099 /* Persona.swift */; };
		B7F00000000000000000009A /* OctoCharacterView.swift in Sources */ = {isa = PBXBuildFile; fileRef = F7F00000000000000000009A /* OctoCharacterView.swift */; };
		B7F00000000000000000009B /* MCPRegistry.swift in Sources */ = {isa = PBXBuildFile; fileRef = F7F00000000000000000009B /* MCPRegistry.swift */; };
		B7F000000000000000000C8 /* StreamDecoding.swift in Sources */ = {isa = PBXBuildFile; fileRef = F7F000000000000000000C8 /* StreamDecoding.swift */; };
		B7F0000000000000000D10 /* UsageStats.swift in Sources */ = {isa = PBXBuildFile; fileRef = F7F0000000000000000D10 /* UsageStats.swift */; };
		B7F0000000000000000D30 /* BackupService.swift in Sources */ = {isa = PBXBuildFile; fileRef = F7F0000000000000000D30 /* BackupService.swift */; };
		B7F0000000000000000D50 /* GenerationFallback.swift in Sources */ = {isa = PBXBuildFile; fileRef = F7F0000000000000000D50 /* GenerationFallback.swift */; };
		B7F0000000000000000D60 /* ErrorLog.swift in Sources */ = {isa = PBXBuildFile; fileRef = F7F0000000000000000D60 /* ErrorLog.swift */; };
		B7F0000000000000000F40 /* RequestLog.swift in Sources */ = {isa = PBXBuildFile; fileRef = F7F0000000000000000F40 /* RequestLog.swift */; };
		B7F0000000000000000F70 /* PersonaTuning.swift in Sources */ = {isa = PBXBuildFile; fileRef = F7F0000000000000000F70 /* PersonaTuning.swift */; };
		B7F0000000000000000FA0 /* MemorySmartAdd.swift in Sources */ = {isa = PBXBuildFile; fileRef = F7F0000000000000000FA0 /* MemorySmartAdd.swift */; };
		B7F0000000000000000FC0 /* ChatSpeech.swift in Sources */ = {isa = PBXBuildFile; fileRef = F7F0000000000000000FC0 /* ChatSpeech.swift */; };
		B7F0000000000000000F30 /* WebSearchTool.swift in Sources */ = {isa = PBXBuildFile; fileRef = F7F0000000000000000F30 /* WebSearchTool.swift */; };
		B7F0000000000000000F20 /* SearchProviders.swift in Sources */ = {isa = PBXBuildFile; fileRef = F7F0000000000000000F20 /* SearchProviders.swift */; };
		B7F0000000000000000F10 /* SearchProvider.swift in Sources */ = {isa = PBXBuildFile; fileRef = F7F0000000000000000F10 /* SearchProvider.swift */; };
		B7F0000000000000000E70 /* MCPServerRegistry.swift in Sources */ = {isa = PBXBuildFile; fileRef = F7F0000000000000000E70 /* MCPServerRegistry.swift */; };
		B7F0000000000000000E60 /* MCPApprovalGate.swift in Sources */ = {isa = PBXBuildFile; fileRef = F7F0000000000000000E60 /* MCPApprovalGate.swift */; };
		B7F0000000000000000E50 /* MCPRemoteTool.swift in Sources */ = {isa = PBXBuildFile; fileRef = F7F0000000000000000E50 /* MCPRemoteTool.swift */; };
		B7F0000000000000000E40 /* MCPConnection.swift in Sources */ = {isa = PBXBuildFile; fileRef = F7F0000000000000000E40 /* MCPConnection.swift */; };
		B7F0000000000000000E30 /* MCPServerConfig.swift in Sources */ = {isa = PBXBuildFile; fileRef = F7F0000000000000000E30 /* MCPServerConfig.swift */; };
		B7F0000000000000000E20 /* MCPTransport.swift in Sources */ = {isa = PBXBuildFile; fileRef = F7F0000000000000000E20 /* MCPTransport.swift */; };
		B7F0000000000000000E10 /* MCPProtocol.swift in Sources */ = {isa = PBXBuildFile; fileRef = F7F0000000000000000E10 /* MCPProtocol.swift */; };
		B7F0000000000000000D00 /* APIFailure.swift in Sources */ = {isa = PBXBuildFile; fileRef = F7F0000000000000000D00 /* APIFailure.swift */; };
		B7F0000000000000000CF0 /* OnDeviceRouter.swift in Sources */ = {isa = PBXBuildFile; fileRef = F7F0000000000000000CF0 /* OnDeviceRouter.swift */; };
		B7F0000000000000000CE0 /* RouteDecision.swift in Sources */ = {isa = PBXBuildFile; fileRef = F7F0000000000000000CE0 /* RouteDecision.swift */; };
		B7F0000000000000000CD0 /* ToolResultEnvelope.swift in Sources */ = {isa = PBXBuildFile; fileRef = F7F0000000000000000CD0 /* ToolResultEnvelope.swift */; };
		B7F0000000000000000CC0 /* Tool.swift in Sources */ = {isa = PBXBuildFile; fileRef = F7F0000000000000000CC0 /* Tool.swift */; };
		B7F0000000000000000FB0 /* SubModel.swift in Sources */ = {isa = PBXBuildFile; fileRef = F7F0000000000000000FB0 /* SubModel.swift */; };
		B7F000000000000000000C9 /* ContextCompressor.swift in Sources */ = {isa = PBXBuildFile; fileRef = F7F000000000000000000C9 /* ContextCompressor.swift */; };
		B7F000000000000000000CA /* ChatProtocolPrompt.swift in Sources */ = {isa = PBXBuildFile; fileRef = F7F000000000000000000CA /* ChatProtocolPrompt.swift */; };
		B7F00000000000000000009C /* MCPRegistryView.swift in Sources */ = {isa = PBXBuildFile; fileRef = F7F00000000000000000009C /* MCPRegistryView.swift */; };
		B7F00000000000000000009D /* TranslationView.swift in Sources */ = {isa = PBXBuildFile; fileRef = F7F00000000000000000009D /* TranslationView.swift */; };
		B7F00000000000000000009E /* ExchangeRateView.swift in Sources */ = {isa = PBXBuildFile; fileRef = F7F00000000000000000009E /* ExchangeRateView.swift */; };
		B7F00000000000000000009F /* NewsMCP.swift in Sources */ = {isa = PBXBuildFile; fileRef = F7F00000000000000000009F /* NewsMCP.swift */; };
		B7F000000000000000000B0 /* WeatherMCP.swift in Sources */ = {isa = PBXBuildFile; fileRef = F7F000000000000000000B0 /* WeatherMCP.swift */; };
		B7F000000000000000000C1 /* AudioPlayerService.swift in Sources */ = {isa = PBXBuildFile; fileRef = F7F000000000000000000C1 /* AudioPlayerService.swift */; };
		B7F000000000000000000C2 /* AudioMCP.swift in Sources */ = {isa = PBXBuildFile; fileRef = F7F000000000000000000C2 /* AudioMCP.swift */; };
		B7F000000000000000000C3 /* AudioPlayerView.swift in Sources */ = {isa = PBXBuildFile; fileRef = F7F000000000000000000C3 /* AudioPlayerView.swift */; };
		B7F000000000000000000C4 /* StickerStore.swift in Sources */ = {isa = PBXBuildFile; fileRef = F7F000000000000000000C4 /* StickerStore.swift */; };
		B7F000000000000000000C5 /* AppleMusicService.swift in Sources */ = {isa = PBXBuildFile; fileRef = F7F000000000000000000C5 /* AppleMusicService.swift */; };
		B7F000000000000000000C6 /* AppleMusicTab.swift in Sources */ = {isa = PBXBuildFile; fileRef = F7F000000000000000000C6 /* AppleMusicTab.swift */; };
		B7F000000000000000000C7 /* KaomojiPickerView.swift in Sources */ = {isa = PBXBuildFile; fileRef = F7F000000000000000000C7 /* KaomojiPickerView.swift */; };
		B7F000000000000000000CB /* MarkdownText.swift in Sources */ = {isa = PBXBuildFile; fileRef = F7F000000000000000000CB /* MarkdownText.swift */; };
		B7F0000000000000000D20 /* UsageStatsView.swift in Sources */ = {isa = PBXBuildFile; fileRef = F7F0000000000000000D20 /* UsageStatsView.swift */; };
		B7F0000000000000000D40 /* BackupView.swift in Sources */ = {isa = PBXBuildFile; fileRef = F7F0000000000000000D40 /* BackupView.swift */; };
		B7F0000000000000000D70 /* ErrorLogView.swift in Sources */ = {isa = PBXBuildFile; fileRef = F7F0000000000000000D70 /* ErrorLogView.swift */; };
		B7F0000000000000000F60 /* RequestLogView.swift in Sources */ = {isa = PBXBuildFile; fileRef = F7F0000000000000000F60 /* RequestLogView.swift */; };
		B7F0000000000000000F80 /* PersonaTuningView.swift in Sources */ = {isa = PBXBuildFile; fileRef = F7F0000000000000000F80 /* PersonaTuningView.swift */; };
		B7F0000000000000000F90 /* StorageView.swift in Sources */ = {isa = PBXBuildFile; fileRef = F7F0000000000000000F90 /* StorageView.swift */; };
		B7F0000000000000000F50 /* SearchSettingsView.swift in Sources */ = {isa = PBXBuildFile; fileRef = F7F0000000000000000F50 /* SearchSettingsView.swift */; };
		B7F0000000000000000E80 /* MCPServersView.swift in Sources */ = {isa = PBXBuildFile; fileRef = F7F0000000000000000E80 /* MCPServersView.swift */; };
		B7F000000000000000000A0 /* NewsView.swift in Sources */ = {isa = PBXBuildFile; fileRef = F7F000000000000000000A0 /* NewsView.swift */; };
		B7F000000000000000000A1 /* CustomProviderView.swift in Sources */ = {isa = PBXBuildFile; fileRef = F7F000000000000000000A1 /* CustomProviderView.swift */; };
		B7F000000000000000000A2 /* ToolAPIConfig.swift in Sources */ = {isa = PBXBuildFile; fileRef = F7F000000000000000000A2 /* ToolAPIConfig.swift */; };
		B7F000000000000000000A3 /* APIPickerBar.swift in Sources */ = {isa = PBXBuildFile; fileRef = F7F000000000000000000A3 /* APIPickerBar.swift */; };
		B7F000000000000000000A4 /* ActivityLog.swift in Sources */ = {isa = PBXBuildFile; fileRef = F7F000000000000000000A4 /* ActivityLog.swift */; };
		B7F000000000000000000A5 /* Anniversary.swift in Sources */ = {isa = PBXBuildFile; fileRef = F7F000000000000000000A5 /* Anniversary.swift */; };
		B7F000000000000000000A6 /* AnniversaryView.swift in Sources */ = {isa = PBXBuildFile; fileRef = F7F000000000000000000A6 /* AnniversaryView.swift */; };
		B7F000000000000000000A7 /* PomodoroView.swift in Sources */ = {isa = PBXBuildFile; fileRef = F7F000000000000000000A7 /* PomodoroView.swift */; };
		B7F000000000000000000A8 /* FileManagerView.swift in Sources */ = {isa = PBXBuildFile; fileRef = F7F000000000000000000A8 /* FileManagerView.swift */; };
		B7F000000000000000000A9 /* TypingRhythm.swift in Sources */ = {isa = PBXBuildFile; fileRef = F7F000000000000000000A9 /* TypingRhythm.swift */; };
		B7F000000000000000000AB /* APIKeyStore.swift in Sources */ = {isa = PBXBuildFile; fileRef = F7F000000000000000000AB /* APIKeyStore.swift */; };
		B7F000000000000000000003 /* ExploreView.swift in Sources */ = {isa = PBXBuildFile; fileRef = F7F000000000000000000003 /* ExploreView.swift */; };
		B7F000000000000000000005 /* GamesView.swift in Sources */ = {isa = PBXBuildFile; fileRef = F7F000000000000000000005 /* GamesView.swift */; };
		B8A000000000000000000002 /* BookService.swift in Sources */ = {isa = PBXBuildFile; fileRef = F8A000000000000000000002 /* BookService.swift */; };
		B8A000000000000000000003 /* ReadingView.swift in Sources */ = {isa = PBXBuildFile; fileRef = F8A000000000000000000003 /* ReadingView.swift */; };
		B8A000000000000000000004 /* CalendarService.swift in Sources */ = {isa = PBXBuildFile; fileRef = F8A000000000000000000004 /* CalendarService.swift */; };
		B8A000000000000000000005 /* CalendarView.swift in Sources */ = {isa = PBXBuildFile; fileRef = F8A000000000000000000005 /* CalendarView.swift */; };
		B8A000000000000000000006 /* DiaryEntry.swift in Sources */ = {isa = PBXBuildFile; fileRef = F8A000000000000000000006 /* DiaryEntry.swift */; };
		B8A000000000000000000007 /* DiaryService.swift in Sources */ = {isa = PBXBuildFile; fileRef = F8A000000000000000000007 /* DiaryService.swift */; };
		B8A000000000000000000008 /* DiaryView.swift in Sources */ = {isa = PBXBuildFile; fileRef = F8A000000000000000000008 /* DiaryView.swift */; };
		B8A000000000000000000009 /* Drawing.swift in Sources */ = {isa = PBXBuildFile; fileRef = F8A000000000000000000009 /* Drawing.swift */; };
		B8A00000000000000000000A /* DrawService.swift in Sources */ = {isa = PBXBuildFile; fileRef = F8A00000000000000000000A /* DrawService.swift */; };
		B8A00000000000000000000B /* DrawView.swift in Sources */ = {isa = PBXBuildFile; fileRef = F8A00000000000000000000B /* DrawView.swift */; };
		B8A00000000000000000000C /* MemoryDatabase.swift in Sources */ = {isa = PBXBuildFile; fileRef = F8A00000000000000000000C /* MemoryDatabase.swift */; };
		B8A00000000000000000000D /* ElevenLabsService.swift in Sources */ = {isa = PBXBuildFile; fileRef = F8A00000000000000000000D /* ElevenLabsService.swift */; };
		B8A00000000000000000000E /* VoiceCallService.swift in Sources */ = {isa = PBXBuildFile; fileRef = F8A00000000000000000000E /* VoiceCallService.swift */; };
		B8A00000000000000000000F /* CallView.swift in Sources */ = {isa = PBXBuildFile; fileRef = F8A00000000000000000000F /* CallView.swift */; };
		B8A000000000000000000010 /* Contact.swift in Sources */ = {isa = PBXBuildFile; fileRef = F8A000000000000000000010 /* Contact.swift */; };
		B8A000000000000000000011 /* ContactChatSession.swift in Sources */ = {isa = PBXBuildFile; fileRef = F8A000000000000000000011 /* ContactChatSession.swift */; };
		B8A000000000000000000012 /* ChatListView.swift in Sources */ = {isa = PBXBuildFile; fileRef = F8A000000000000000000012 /* ChatListView.swift */; };
		B8A000000000000000000013 /* KekeStateService.swift in Sources */ = {isa = PBXBuildFile; fileRef = F8A000000000000000000013 /* KekeStateService.swift */; };
		B8A000000000000000000014 /* ClawdCharacterView.swift in Sources */ = {isa = PBXBuildFile; fileRef = F8A000000000000000000014 /* ClawdCharacterView.swift */; };
		B8A000000000000000000015 /* KekeStateDetailView.swift in Sources */ = {isa = PBXBuildFile; fileRef = F8A000000000000000000015 /* KekeStateDetailView.swift */; };
		B8A000000000000000000016 /* CompanionTimerView.swift in Sources */ = {isa = PBXBuildFile; fileRef = F8A000000000000000000016 /* CompanionTimerView.swift */; };
		B8A000000000000000000017 /* ChatArchiveView.swift in Sources */ = {isa = PBXBuildFile; fileRef = F8A000000000000000000017 /* ChatArchiveView.swift */; };
		B8A000000000000000000018 /* GitHubReaderService.swift in Sources */ = {isa = PBXBuildFile; fileRef = F8A000000000000000000018 /* GitHubReaderService.swift */; };
		B8A000000000000000000019 /* CodeReviewView.swift in Sources */ = {isa = PBXBuildFile; fileRef = F8A000000000000000000019 /* CodeReviewView.swift */; };
		B9A000000000000000000001 /* libsqlite3.tbd in Frameworks */ = {isa = PBXBuildFile; fileRef = F9A000000000000000000001 /* libsqlite3.tbd */; };
		B1A00000000000000000000F /* ChatView.swift in Sources */ = {isa = PBXBuildFile; fileRef = F1A00000000000000000000F /* ChatView.swift */; };
		B1A000000000000000000010 /* KekeCharacterView.swift in Sources */ = {isa = PBXBuildFile; fileRef = F1A000000000000000000010 /* KekeCharacterView.swift */; };
		B1A000000000000000000011 /* HealthView.swift in Sources */ = {isa = PBXBuildFile; fileRef = F1A000000000000000000011 /* HealthView.swift */; };
		B1A000000000000000000012 /* MemoryView.swift in Sources */ = {isa = PBXBuildFile; fileRef = F1A000000000000000000012 /* MemoryView.swift */; };
		B1A000000000000000000013 /* AlarmView.swift in Sources */ = {isa = PBXBuildFile; fileRef = F1A000000000000000000013 /* AlarmView.swift */; };
		B1A000000000000000000014 /* CycleView.swift in Sources */ = {isa = PBXBuildFile; fileRef = F1A000000000000000000014 /* CycleView.swift */; };
		B1A000000000000000000015 /* FavoritesView.swift in Sources */ = {isa = PBXBuildFile; fileRef = F1A000000000000000000015 /* FavoritesView.swift */; };
		B1A000000000000000000016 /* SettingsView.swift in Sources */ = {isa = PBXBuildFile; fileRef = F1A000000000000000000016 /* SettingsView.swift */; };
		B1A000000000000000000017 /* Assets.xcassets in Resources */ = {isa = PBXBuildFile; fileRef = F1A000000000000000000017 /* Assets.xcassets */; };
/* End PBXBuildFile section */

/* Begin PBXFileReference section */
		D0D000000000000000000005 /* Keke.app */ = {isa = PBXFileReference; explicitFileType = wrapper.application; includeInIndex = 0; path = Keke.app; sourceTree = BUILT_PRODUCTS_DIR; };
		F1A000000000000000000001 /* KekeApp.swift */ = {isa = PBXFileReference; lastKnownFileType = sourcecode.swift; path = KekeApp.swift; sourceTree = "<group>"; };
		F1A000000000000000000002 /* Theme.swift */ = {isa = PBXFileReference; lastKnownFileType = sourcecode.swift; path = Theme.swift; sourceTree = "<group>"; };
		F6E000000000000000000001 /* Localization.swift */ = {isa = PBXFileReference; lastKnownFileType = sourcecode.swift; path = Localization.swift; sourceTree = "<group>"; };
		F1A000000000000000000003 /* ChatMessage.swift */ = {isa = PBXFileReference; lastKnownFileType = sourcecode.swift; path = ChatMessage.swift; sourceTree = "<group>"; };
		F1A000000000000000000004 /* ClaudeService.swift */ = {isa = PBXFileReference; lastKnownFileType = sourcecode.swift; path = ClaudeService.swift; sourceTree = "<group>"; };
		F3B000000000000000000001 /* Providers.swift */ = {isa = PBXFileReference; lastKnownFileType = sourcecode.swift; path = Providers.swift; sourceTree = "<group>"; };
		F1A000000000000000000005 /* ChatStore.swift */ = {isa = PBXFileReference; lastKnownFileType = sourcecode.swift; path = ChatStore.swift; sourceTree = "<group>"; };
		F1A000000000000000000006 /* HealthService.swift */ = {isa = PBXFileReference; lastKnownFileType = sourcecode.swift; path = HealthService.swift; sourceTree = "<group>"; };
		F1A000000000000000000007 /* MemoryService.swift */ = {isa = PBXFileReference; lastKnownFileType = sourcecode.swift; path = MemoryService.swift; sourceTree = "<group>"; };
		F1A000000000000000000008 /* NudgeService.swift */ = {isa = PBXFileReference; lastKnownFileType = sourcecode.swift; path = NudgeService.swift; sourceTree = "<group>"; };
		F1A000000000000000000009 /* DeviceContextService.swift */ = {isa = PBXFileReference; lastKnownFileType = sourcecode.swift; path = DeviceContextService.swift; sourceTree = "<group>"; };
		F1A00000000000000000000A /* AlarmService.swift */ = {isa = PBXFileReference; lastKnownFileType = sourcecode.swift; path = AlarmService.swift; sourceTree = "<group>"; };
		F1A00000000000000000000B /* CycleService.swift */ = {isa = PBXFileReference; lastKnownFileType = sourcecode.swift; path = CycleService.swift; sourceTree = "<group>"; };
		F1A00000000000000000000C /* Attachments.swift */ = {isa = PBXFileReference; lastKnownFileType = sourcecode.swift; path = Attachments.swift; sourceTree = "<group>"; };
		F4C000000000000000000001 /* KeyboardObserver.swift */ = {isa = PBXFileReference; lastKnownFileType = sourcecode.swift; path = KeyboardObserver.swift; sourceTree = "<group>"; };
		F5D000000000000000000001 /* Moment.swift */ = {isa = PBXFileReference; lastKnownFileType = sourcecode.swift; path = Moment.swift; sourceTree = "<group>"; };
		F8A000000000000000000001 /* Book.swift */ = {isa = PBXFileReference; lastKnownFileType = sourcecode.swift; path = Book.swift; sourceTree = "<group>"; };
		F5D000000000000000000002 /* MomentsStore.swift */ = {isa = PBXFileReference; lastKnownFileType = sourcecode.swift; path = MomentsStore.swift; sourceTree = "<group>"; };
		F5D000000000000000000003 /* MomentsView.swift */ = {isa = PBXFileReference; lastKnownFileType = sourcecode.swift; path = MomentsView.swift; sourceTree = "<group>"; };
		F7F000000000000000000004 /* PetStatsService.swift */ = {isa = PBXFileReference; lastKnownFileType = sourcecode.swift; path = PetStatsService.swift; sourceTree = "<group>"; };
		F1A00000000000000000000D /* RootView.swift */ = {isa = PBXFileReference; lastKnownFileType = sourcecode.swift; path = RootView.swift; sourceTree = "<group>"; };
		F7F000000000000000000002 /* BottomTabBar.swift */ = {isa = PBXFileReference; lastKnownFileType = sourcecode.swift; path = BottomTabBar.swift; sourceTree = "<group>"; };
		F7F000000000000000000001 /* HomeView.swift */ = {isa = PBXFileReference; lastKnownFileType = sourcecode.swift; path = HomeView.swift; sourceTree = "<group>"; };
		F7F000000000000000000098 /* PersonaPickerView.swift */ = {isa = PBXFileReference; lastKnownFileType = sourcecode.swift; path = PersonaPickerView.swift; sourceTree = "<group>"; };
		F7F000000000000000000099 /* Persona.swift */ = {isa = PBXFileReference; lastKnownFileType = sourcecode.swift; path = Persona.swift; sourceTree = "<group>"; };
		F7F00000000000000000009A /* OctoCharacterView.swift */ = {isa = PBXFileReference; lastKnownFileType = sourcecode.swift; path = OctoCharacterView.swift; sourceTree = "<group>"; };
		F7F00000000000000000009B /* MCPRegistry.swift */ = {isa = PBXFileReference; lastKnownFileType = sourcecode.swift; path = MCPRegistry.swift; sourceTree = "<group>"; };
		F7F000000000000000000C8 /* StreamDecoding.swift */ = {isa = PBXFileReference; lastKnownFileType = sourcecode.swift; path = StreamDecoding.swift; sourceTree = "<group>"; };
		F7F0000000000000000D10 /* UsageStats.swift */ = {isa = PBXFileReference; lastKnownFileType = sourcecode.swift; path = UsageStats.swift; sourceTree = "<group>"; };
		F7F0000000000000000D30 /* BackupService.swift */ = {isa = PBXFileReference; lastKnownFileType = sourcecode.swift; path = BackupService.swift; sourceTree = "<group>"; };
		F7F0000000000000000D50 /* GenerationFallback.swift */ = {isa = PBXFileReference; lastKnownFileType = sourcecode.swift; path = GenerationFallback.swift; sourceTree = "<group>"; };
		F7F0000000000000000D60 /* ErrorLog.swift */ = {isa = PBXFileReference; lastKnownFileType = sourcecode.swift; path = ErrorLog.swift; sourceTree = "<group>"; };
		F7F0000000000000000F40 /* RequestLog.swift */ = {isa = PBXFileReference; lastKnownFileType = sourcecode.swift; path = RequestLog.swift; sourceTree = "<group>"; };
		F7F0000000000000000F70 /* PersonaTuning.swift */ = {isa = PBXFileReference; lastKnownFileType = sourcecode.swift; path = PersonaTuning.swift; sourceTree = "<group>"; };
		F7F0000000000000000FA0 /* MemorySmartAdd.swift */ = {isa = PBXFileReference; lastKnownFileType = sourcecode.swift; path = MemorySmartAdd.swift; sourceTree = "<group>"; };
		F7F0000000000000000FC0 /* ChatSpeech.swift */ = {isa = PBXFileReference; lastKnownFileType = sourcecode.swift; path = ChatSpeech.swift; sourceTree = "<group>"; };
		F7F0000000000000000F30 /* WebSearchTool.swift */ = {isa = PBXFileReference; lastKnownFileType = sourcecode.swift; path = Orchestration/Search/WebSearchTool.swift; sourceTree = "<group>"; };
		F7F0000000000000000F20 /* SearchProviders.swift */ = {isa = PBXFileReference; lastKnownFileType = sourcecode.swift; path = Orchestration/Search/SearchProviders.swift; sourceTree = "<group>"; };
		F7F0000000000000000F10 /* SearchProvider.swift */ = {isa = PBXFileReference; lastKnownFileType = sourcecode.swift; path = Orchestration/Search/SearchProvider.swift; sourceTree = "<group>"; };
		F7F0000000000000000E70 /* MCPServerRegistry.swift */ = {isa = PBXFileReference; lastKnownFileType = sourcecode.swift; path = Orchestration/MCP/MCPServerRegistry.swift; sourceTree = "<group>"; };
		F7F0000000000000000E60 /* MCPApprovalGate.swift */ = {isa = PBXFileReference; lastKnownFileType = sourcecode.swift; path = Orchestration/MCP/MCPApprovalGate.swift; sourceTree = "<group>"; };
		F7F0000000000000000E50 /* MCPRemoteTool.swift */ = {isa = PBXFileReference; lastKnownFileType = sourcecode.swift; path = Orchestration/MCP/MCPRemoteTool.swift; sourceTree = "<group>"; };
		F7F0000000000000000E40 /* MCPConnection.swift */ = {isa = PBXFileReference; lastKnownFileType = sourcecode.swift; path = Orchestration/MCP/MCPConnection.swift; sourceTree = "<group>"; };
		F7F0000000000000000E30 /* MCPServerConfig.swift */ = {isa = PBXFileReference; lastKnownFileType = sourcecode.swift; path = Orchestration/MCP/MCPServerConfig.swift; sourceTree = "<group>"; };
		F7F0000000000000000E20 /* MCPTransport.swift */ = {isa = PBXFileReference; lastKnownFileType = sourcecode.swift; path = Orchestration/MCP/MCPTransport.swift; sourceTree = "<group>"; };
		F7F0000000000000000E10 /* MCPProtocol.swift */ = {isa = PBXFileReference; lastKnownFileType = sourcecode.swift; path = Orchestration/MCP/MCPProtocol.swift; sourceTree = "<group>"; };
		F7F0000000000000000D00 /* APIFailure.swift */ = {isa = PBXFileReference; lastKnownFileType = sourcecode.swift; path = APIFailure.swift; sourceTree = "<group>"; };
		F7F0000000000000000CF0 /* OnDeviceRouter.swift */ = {isa = PBXFileReference; lastKnownFileType = sourcecode.swift; path = Orchestration/OnDeviceRouter.swift; sourceTree = "<group>"; };
		F7F0000000000000000CE0 /* RouteDecision.swift */ = {isa = PBXFileReference; lastKnownFileType = sourcecode.swift; path = Orchestration/RouteDecision.swift; sourceTree = "<group>"; };
		F7F0000000000000000CD0 /* ToolResultEnvelope.swift */ = {isa = PBXFileReference; lastKnownFileType = sourcecode.swift; path = Orchestration/ToolResultEnvelope.swift; sourceTree = "<group>"; };
		F7F0000000000000000CC0 /* Tool.swift */ = {isa = PBXFileReference; lastKnownFileType = sourcecode.swift; path = Orchestration/Tool.swift; sourceTree = "<group>"; };
		F7F0000000000000000FB0 /* SubModel.swift */ = {isa = PBXFileReference; lastKnownFileType = sourcecode.swift; path = Orchestration/SubModel.swift; sourceTree = "<group>"; };
		F7F000000000000000000C9 /* ContextCompressor.swift */ = {isa = PBXFileReference; lastKnownFileType = sourcecode.swift; path = ContextCompressor.swift; sourceTree = "<group>"; };
		F7F000000000000000000CA /* ChatProtocolPrompt.swift */ = {isa = PBXFileReference; lastKnownFileType = sourcecode.swift; path = ChatProtocolPrompt.swift; sourceTree = "<group>"; };
		F7F00000000000000000009C /* MCPRegistryView.swift */ = {isa = PBXFileReference; lastKnownFileType = sourcecode.swift; path = MCPRegistryView.swift; sourceTree = "<group>"; };
		F7F00000000000000000009D /* TranslationView.swift */ = {isa = PBXFileReference; lastKnownFileType = sourcecode.swift; path = TranslationView.swift; sourceTree = "<group>"; };
		F7F00000000000000000009E /* ExchangeRateView.swift */ = {isa = PBXFileReference; lastKnownFileType = sourcecode.swift; path = ExchangeRateView.swift; sourceTree = "<group>"; };
		F7F00000000000000000009F /* NewsMCP.swift */ = {isa = PBXFileReference; lastKnownFileType = sourcecode.swift; path = NewsMCP.swift; sourceTree = "<group>"; };
		F7F000000000000000000B0 /* WeatherMCP.swift */ = {isa = PBXFileReference; lastKnownFileType = sourcecode.swift; path = WeatherMCP.swift; sourceTree = "<group>"; };
		F7F000000000000000000C1 /* AudioPlayerService.swift */ = {isa = PBXFileReference; lastKnownFileType = sourcecode.swift; path = AudioPlayerService.swift; sourceTree = "<group>"; };
		F7F000000000000000000C2 /* AudioMCP.swift */ = {isa = PBXFileReference; lastKnownFileType = sourcecode.swift; path = AudioMCP.swift; sourceTree = "<group>"; };
		F7F000000000000000000C4 /* StickerStore.swift */ = {isa = PBXFileReference; lastKnownFileType = sourcecode.swift; path = StickerStore.swift; sourceTree = "<group>"; };
		F7F000000000000000000C5 /* AppleMusicService.swift */ = {isa = PBXFileReference; lastKnownFileType = sourcecode.swift; path = AppleMusicService.swift; sourceTree = "<group>"; };
		F7F000000000000000000C6 /* AppleMusicTab.swift */ = {isa = PBXFileReference; lastKnownFileType = sourcecode.swift; path = AppleMusicTab.swift; sourceTree = "<group>"; };
		F7F000000000000000000C7 /* KaomojiPickerView.swift */ = {isa = PBXFileReference; lastKnownFileType = sourcecode.swift; path = KaomojiPickerView.swift; sourceTree = "<group>"; };
		F7F000000000000000000CB /* MarkdownText.swift */ = {isa = PBXFileReference; lastKnownFileType = sourcecode.swift; path = MarkdownText.swift; sourceTree = "<group>"; };
		F7F0000000000000000D20 /* UsageStatsView.swift */ = {isa = PBXFileReference; lastKnownFileType = sourcecode.swift; path = UsageStatsView.swift; sourceTree = "<group>"; };
		F7F0000000000000000D40 /* BackupView.swift */ = {isa = PBXFileReference; lastKnownFileType = sourcecode.swift; path = BackupView.swift; sourceTree = "<group>"; };
		F7F0000000000000000D70 /* ErrorLogView.swift */ = {isa = PBXFileReference; lastKnownFileType = sourcecode.swift; path = ErrorLogView.swift; sourceTree = "<group>"; };
		F7F0000000000000000F60 /* RequestLogView.swift */ = {isa = PBXFileReference; lastKnownFileType = sourcecode.swift; path = RequestLogView.swift; sourceTree = "<group>"; };
		F7F0000000000000000F80 /* PersonaTuningView.swift */ = {isa = PBXFileReference; lastKnownFileType = sourcecode.swift; path = PersonaTuningView.swift; sourceTree = "<group>"; };
		F7F0000000000000000F90 /* StorageView.swift */ = {isa = PBXFileReference; lastKnownFileType = sourcecode.swift; path = StorageView.swift; sourceTree = "<group>"; };
		F7F0000000000000000F50 /* SearchSettingsView.swift */ = {isa = PBXFileReference; lastKnownFileType = sourcecode.swift; path = SearchSettingsView.swift; sourceTree = "<group>"; };
		F7F0000000000000000E80 /* MCPServersView.swift */ = {isa = PBXFileReference; lastKnownFileType = sourcecode.swift; path = MCPServersView.swift; sourceTree = "<group>"; };
		F7F000000000000000000A0 /* NewsView.swift */ = {isa = PBXFileReference; lastKnownFileType = sourcecode.swift; path = NewsView.swift; sourceTree = "<group>"; };
		F7F000000000000000000A1 /* CustomProviderView.swift */ = {isa = PBXFileReference; lastKnownFileType = sourcecode.swift; path = CustomProviderView.swift; sourceTree = "<group>"; };
		F7F000000000000000000A2 /* ToolAPIConfig.swift */ = {isa = PBXFileReference; lastKnownFileType = sourcecode.swift; path = ToolAPIConfig.swift; sourceTree = "<group>"; };
		F7F000000000000000000A3 /* APIPickerBar.swift */ = {isa = PBXFileReference; lastKnownFileType = sourcecode.swift; path = APIPickerBar.swift; sourceTree = "<group>"; };
		F7F000000000000000000A4 /* ActivityLog.swift */ = {isa = PBXFileReference; lastKnownFileType = sourcecode.swift; path = ActivityLog.swift; sourceTree = "<group>"; };
		F7F000000000000000000A5 /* Anniversary.swift */ = {isa = PBXFileReference; lastKnownFileType = sourcecode.swift; path = Anniversary.swift; sourceTree = "<group>"; };
		F7F000000000000000000A6 /* AnniversaryView.swift */ = {isa = PBXFileReference; lastKnownFileType = sourcecode.swift; path = AnniversaryView.swift; sourceTree = "<group>"; };
		F7F000000000000000000A7 /* PomodoroView.swift */ = {isa = PBXFileReference; lastKnownFileType = sourcecode.swift; path = PomodoroView.swift; sourceTree = "<group>"; };
		F7F000000000000000000A8 /* FileManagerView.swift */ = {isa = PBXFileReference; lastKnownFileType = sourcecode.swift; path = FileManagerView.swift; sourceTree = "<group>"; };
		F7F000000000000000000A9 /* TypingRhythm.swift */ = {isa = PBXFileReference; lastKnownFileType = sourcecode.swift; path = TypingRhythm.swift; sourceTree = "<group>"; };
		F7F000000000000000000AB /* APIKeyStore.swift */ = {isa = PBXFileReference; lastKnownFileType = sourcecode.swift; path = APIKeyStore.swift; sourceTree = "<group>"; };
		F7F000000000000000000003 /* ExploreView.swift */ = {isa = PBXFileReference; lastKnownFileType = sourcecode.swift; path = ExploreView.swift; sourceTree = "<group>"; };
		F7F000000000000000000005 /* GamesView.swift */ = {isa = PBXFileReference; lastKnownFileType = sourcecode.swift; path = GamesView.swift; sourceTree = "<group>"; };
		F8A000000000000000000002 /* BookService.swift */ = {isa = PBXFileReference; lastKnownFileType = sourcecode.swift; path = BookService.swift; sourceTree = "<group>"; };
		F8A000000000000000000003 /* ReadingView.swift */ = {isa = PBXFileReference; lastKnownFileType = sourcecode.swift; path = ReadingView.swift; sourceTree = "<group>"; };
		F8A000000000000000000004 /* CalendarService.swift */ = {isa = PBXFileReference; lastKnownFileType = sourcecode.swift; path = CalendarService.swift; sourceTree = "<group>"; };
		F8A000000000000000000005 /* CalendarView.swift */ = {isa = PBXFileReference; lastKnownFileType = sourcecode.swift; path = CalendarView.swift; sourceTree = "<group>"; };
		F8A000000000000000000006 /* DiaryEntry.swift */ = {isa = PBXFileReference; lastKnownFileType = sourcecode.swift; path = DiaryEntry.swift; sourceTree = "<group>"; };
		F8A000000000000000000007 /* DiaryService.swift */ = {isa = PBXFileReference; lastKnownFileType = sourcecode.swift; path = DiaryService.swift; sourceTree = "<group>"; };
		F8A000000000000000000008 /* DiaryView.swift */ = {isa = PBXFileReference; lastKnownFileType = sourcecode.swift; path = DiaryView.swift; sourceTree = "<group>"; };
		F8A000000000000000000009 /* Drawing.swift */ = {isa = PBXFileReference; lastKnownFileType = sourcecode.swift; path = Drawing.swift; sourceTree = "<group>"; };
		F8A00000000000000000000A /* DrawService.swift */ = {isa = PBXFileReference; lastKnownFileType = sourcecode.swift; path = DrawService.swift; sourceTree = "<group>"; };
		F8A00000000000000000000B /* DrawView.swift */ = {isa = PBXFileReference; lastKnownFileType = sourcecode.swift; path = DrawView.swift; sourceTree = "<group>"; };
		F8A00000000000000000000C /* MemoryDatabase.swift */ = {isa = PBXFileReference; lastKnownFileType = sourcecode.swift; path = MemoryDatabase.swift; sourceTree = "<group>"; };
		F8A00000000000000000000D /* ElevenLabsService.swift */ = {isa = PBXFileReference; lastKnownFileType = sourcecode.swift; path = ElevenLabsService.swift; sourceTree = "<group>"; };
		F8A00000000000000000000E /* VoiceCallService.swift */ = {isa = PBXFileReference; lastKnownFileType = sourcecode.swift; path = VoiceCallService.swift; sourceTree = "<group>"; };
		F8A00000000000000000000F /* CallView.swift */ = {isa = PBXFileReference; lastKnownFileType = sourcecode.swift; path = CallView.swift; sourceTree = "<group>"; };
		F8A000000000000000000010 /* Contact.swift */ = {isa = PBXFileReference; lastKnownFileType = sourcecode.swift; path = Contact.swift; sourceTree = "<group>"; };
		F8A000000000000000000011 /* ContactChatSession.swift */ = {isa = PBXFileReference; lastKnownFileType = sourcecode.swift; path = ContactChatSession.swift; sourceTree = "<group>"; };
		F8A000000000000000000012 /* ChatListView.swift */ = {isa = PBXFileReference; lastKnownFileType = sourcecode.swift; path = ChatListView.swift; sourceTree = "<group>"; };
		F8A000000000000000000013 /* KekeStateService.swift */ = {isa = PBXFileReference; lastKnownFileType = sourcecode.swift; path = KekeStateService.swift; sourceTree = "<group>"; };
		F8A000000000000000000014 /* ClawdCharacterView.swift */ = {isa = PBXFileReference; lastKnownFileType = sourcecode.swift; path = ClawdCharacterView.swift; sourceTree = "<group>"; };
		F8A000000000000000000015 /* KekeStateDetailView.swift */ = {isa = PBXFileReference; lastKnownFileType = sourcecode.swift; path = KekeStateDetailView.swift; sourceTree = "<group>"; };
		F8A000000000000000000016 /* CompanionTimerView.swift */ = {isa = PBXFileReference; lastKnownFileType = sourcecode.swift; path = CompanionTimerView.swift; sourceTree = "<group>"; };
		F8A000000000000000000017 /* ChatArchiveView.swift */ = {isa = PBXFileReference; lastKnownFileType = sourcecode.swift; path = ChatArchiveView.swift; sourceTree = "<group>"; };
		F8A000000000000000000018 /* GitHubReaderService.swift */ = {isa = PBXFileReference; lastKnownFileType = sourcecode.swift; path = GitHubReaderService.swift; sourceTree = "<group>"; };
		F8A000000000000000000019 /* CodeReviewView.swift */ = {isa = PBXFileReference; lastKnownFileType = sourcecode.swift; path = CodeReviewView.swift; sourceTree = "<group>"; };
		F9A000000000000000000001 /* libsqlite3.tbd */ = {isa = PBXFileReference; lastKnownFileType = "sourcecode.text-based-dylib-definition"; name = libsqlite3.tbd; path = usr/lib/libsqlite3.tbd; sourceTree = SDKROOT; };
		F1A00000000000000000000F /* ChatView.swift */ = {isa = PBXFileReference; lastKnownFileType = sourcecode.swift; path = ChatView.swift; sourceTree = "<group>"; };
		F7F000000000000000000C3 /* AudioPlayerView.swift */ = {isa = PBXFileReference; lastKnownFileType = sourcecode.swift; path = AudioPlayerView.swift; sourceTree = "<group>"; };
		F1A000000000000000000010 /* KekeCharacterView.swift */ = {isa = PBXFileReference; lastKnownFileType = sourcecode.swift; path = KekeCharacterView.swift; sourceTree = "<group>"; };
		F1A000000000000000000011 /* HealthView.swift */ = {isa = PBXFileReference; lastKnownFileType = sourcecode.swift; path = HealthView.swift; sourceTree = "<group>"; };
		F1A000000000000000000012 /* MemoryView.swift */ = {isa = PBXFileReference; lastKnownFileType = sourcecode.swift; path = MemoryView.swift; sourceTree = "<group>"; };
		F1A000000000000000000013 /* AlarmView.swift */ = {isa = PBXFileReference; lastKnownFileType = sourcecode.swift; path = AlarmView.swift; sourceTree = "<group>"; };
		F1A000000000000000000014 /* CycleView.swift */ = {isa = PBXFileReference; lastKnownFileType = sourcecode.swift; path = CycleView.swift; sourceTree = "<group>"; };
		F1A000000000000000000015 /* FavoritesView.swift */ = {isa = PBXFileReference; lastKnownFileType = sourcecode.swift; path = FavoritesView.swift; sourceTree = "<group>"; };
		F1A000000000000000000016 /* SettingsView.swift */ = {isa = PBXFileReference; lastKnownFileType = sourcecode.swift; path = SettingsView.swift; sourceTree = "<group>"; };
		F1A000000000000000000017 /* Assets.xcassets */ = {isa = PBXFileReference; lastKnownFileType = folder.assetcatalog; path = Assets.xcassets; sourceTree = "<group>"; };
		F1A000000000000000000018 /* Keke.entitlements */ = {isa = PBXFileReference; lastKnownFileType = text.plist.entitlements; path = Keke.entitlements; sourceTree = "<group>"; };
		F1A000000000000000000019 /* Info.plist */ = {isa = PBXFileReference; lastKnownFileType = text.plist.xml; path = Info.plist; sourceTree = "<group>"; };
/* End PBXFileReference section */

/* Begin PBXFrameworksBuildPhase section */
		D0D000000000000000000002 /* Frameworks */ = {
			isa = PBXFrameworksBuildPhase;
			buildActionMask = 2147483647;
			files = (
				B9A000000000000000000001 /* libsqlite3.tbd in Frameworks */,
			);
			runOnlyForDeploymentPostprocessing = 0;
		};
/* End PBXFrameworksBuildPhase section */

/* Begin PBXGroup section */
		D0D000000000000000000003 = {
			isa = PBXGroup;
			children = (
				61A000000000000000000001 /* Keke */,
				F1A000000000000000000019 /* Info.plist */,
				D0D000000000000000000004 /* Products */,
				F9A000000000000000000002 /* Frameworks */,
			);
			sourceTree = "<group>";
		};
		F9A000000000000000000002 /* Frameworks */ = {
			isa = PBXGroup;
			children = (
				F9A000000000000000000001 /* libsqlite3.tbd */,
			);
			name = Frameworks;
			sourceTree = "<group>";
		};
		D0D000000000000000000004 /* Products */ = {
			isa = PBXGroup;
			children = (
				D0D000000000000000000005 /* Keke.app */,
			);
			name = Products;
			sourceTree = "<group>";
		};
		61A000000000000000000001 /* Keke */ = {
			isa = PBXGroup;
			children = (
				F1A000000000000000000001 /* KekeApp.swift */,
				F1A000000000000000000002 /* Theme.swift */,
				F6E000000000000000000001 /* Localization.swift */,
				F1A000000000000000000018 /* Keke.entitlements */,
				61A000000000000000000002 /* Models */,
				61A000000000000000000003 /* Services */,
				61A000000000000000000004 /* Views */,
				F1A000000000000000000017 /* Assets.xcassets */,
			);
			path = Keke;
			sourceTree = "<group>";
		};
		61A000000000000000000002 /* Models */ = {
			isa = PBXGroup;
			children = (
				F1A000000000000000000003 /* ChatMessage.swift */,
				F7F000000000000000000099 /* Persona.swift */,
				F5D000000000000000000001 /* Moment.swift */,
				F8A000000000000000000001 /* Book.swift */,
				F8A000000000000000000006 /* DiaryEntry.swift */,
				F8A000000000000000000009 /* Drawing.swift */,
				F8A000000000000000000010 /* Contact.swift */,
				F7F000000000000000000A5 /* Anniversary.swift */,
			);
			path = Models;
			sourceTree = "<group>";
		};
		61A000000000000000000003 /* Services */ = {
			isa = PBXGroup;
			children = (
				F1A000000000000000000004 /* ClaudeService.swift */,
				F3B000000000000000000001 /* Providers.swift */,
				F1A000000000000000000005 /* ChatStore.swift */,
				F1A000000000000000000006 /* HealthService.swift */,
				F1A000000000000000000007 /* MemoryService.swift */,
				F1A000000000000000000008 /* NudgeService.swift */,
				F1A000000000000000000009 /* DeviceContextService.swift */,
				F1A00000000000000000000A /* AlarmService.swift */,
				F1A00000000000000000000B /* CycleService.swift */,
				F1A00000000000000000000C /* Attachments.swift */,
				F4C000000000000000000001 /* KeyboardObserver.swift */,
				F5D000000000000000000002 /* MomentsStore.swift */,
				F7F000000000000000000004 /* PetStatsService.swift */,
				F8A000000000000000000002 /* BookService.swift */,
				F8A000000000000000000004 /* CalendarService.swift */,
				F8A000000000000000000007 /* DiaryService.swift */,
				F8A00000000000000000000A /* DrawService.swift */,
				F8A00000000000000000000C /* MemoryDatabase.swift */,
				F8A00000000000000000000D /* ElevenLabsService.swift */,
				F8A00000000000000000000E /* VoiceCallService.swift */,
				F8A000000000000000000011 /* ContactChatSession.swift */,
				F8A000000000000000000013 /* KekeStateService.swift */,
				F8A000000000000000000018 /* GitHubReaderService.swift */,
				F7F00000000000000000009B /* MCPRegistry.swift */,
				F7F000000000000000000C8 /* StreamDecoding.swift */,
				F7F0000000000000000D10 /* UsageStats.swift */,
				F7F0000000000000000D30 /* BackupService.swift */,
				F7F0000000000000000D50 /* GenerationFallback.swift */,
				F7F0000000000000000D60 /* ErrorLog.swift */,
				F7F0000000000000000F40 /* RequestLog.swift */,
				F7F0000000000000000F70 /* PersonaTuning.swift */,
				F7F0000000000000000FA0 /* MemorySmartAdd.swift */,
				F7F0000000000000000FC0 /* ChatSpeech.swift */,
				F7F0000000000000000F30 /* WebSearchTool.swift */,
				F7F0000000000000000F20 /* SearchProviders.swift */,
				F7F0000000000000000F10 /* SearchProvider.swift */,
				F7F0000000000000000E70 /* MCPServerRegistry.swift */,
				F7F0000000000000000E60 /* MCPApprovalGate.swift */,
				F7F0000000000000000E50 /* MCPRemoteTool.swift */,
				F7F0000000000000000E40 /* MCPConnection.swift */,
				F7F0000000000000000E30 /* MCPServerConfig.swift */,
				F7F0000000000000000E20 /* MCPTransport.swift */,
				F7F0000000000000000E10 /* MCPProtocol.swift */,
				F7F0000000000000000D00 /* APIFailure.swift */,
				F7F0000000000000000CF0 /* OnDeviceRouter.swift */,
				F7F0000000000000000CE0 /* RouteDecision.swift */,
				F7F0000000000000000CD0 /* ToolResultEnvelope.swift */,
				F7F0000000000000000CC0 /* Tool.swift */,
				F7F0000000000000000FB0 /* SubModel.swift */,
				F7F000000000000000000C9 /* ContextCompressor.swift */,
				F7F000000000000000000CA /* ChatProtocolPrompt.swift */,
				F7F00000000000000000009F /* NewsMCP.swift */,
				F7F000000000000000000B0 /* WeatherMCP.swift */,
				F7F000000000000000000C1 /* AudioPlayerService.swift */,
				F7F000000000000000000C2 /* AudioMCP.swift */,
				F7F000000000000000000C4 /* StickerStore.swift */,
				F7F000000000000000000C5 /* AppleMusicService.swift */,
				F7F000000000000000000A2 /* ToolAPIConfig.swift */,
				F7F000000000000000000A4 /* ActivityLog.swift */,
				F7F000000000000000000A9 /* TypingRhythm.swift */,
				F7F000000000000000000AB /* APIKeyStore.swift */,
			);
			path = Services;
			sourceTree = "<group>";
		};
		61A000000000000000000004 /* Views */ = {
			isa = PBXGroup;
			children = (
				F1A00000000000000000000D /* RootView.swift */,
				F7F000000000000000000002 /* BottomTabBar.swift */,
				F7F000000000000000000001 /* HomeView.swift */,
				F7F000000000000000000098 /* PersonaPickerView.swift */,
				F7F000000000000000000003 /* ExploreView.swift */,
				F7F000000000000000000005 /* GamesView.swift */,
				F8A000000000000000000003 /* ReadingView.swift */,
				F8A000000000000000000005 /* CalendarView.swift */,
				F8A000000000000000000008 /* DiaryView.swift */,
				F8A00000000000000000000B /* DrawView.swift */,
				F1A00000000000000000000F /* ChatView.swift */,
				F7F000000000000000000C3 /* AudioPlayerView.swift */,
				F7F000000000000000000C6 /* AppleMusicTab.swift */,
				F7F000000000000000000C7 /* KaomojiPickerView.swift */,
				F7F000000000000000000CB /* MarkdownText.swift */,
				F7F0000000000000000D20 /* UsageStatsView.swift */,
				F7F0000000000000000D40 /* BackupView.swift */,
				F7F0000000000000000D70 /* ErrorLogView.swift */,
				F7F0000000000000000F60 /* RequestLogView.swift */,
				F7F0000000000000000F80 /* PersonaTuningView.swift */,
				F7F0000000000000000F90 /* StorageView.swift */,
				F7F0000000000000000F50 /* SearchSettingsView.swift */,
				F7F0000000000000000E80 /* MCPServersView.swift */,
				F8A000000000000000000012 /* ChatListView.swift */,
				F8A00000000000000000000F /* CallView.swift */,
				F1A000000000000000000010 /* KekeCharacterView.swift */,
				F8A000000000000000000014 /* ClawdCharacterView.swift */,
				F7F00000000000000000009A /* OctoCharacterView.swift */,
				F8A000000000000000000015 /* KekeStateDetailView.swift */,
				F8A000000000000000000016 /* CompanionTimerView.swift */,
				F8A000000000000000000017 /* ChatArchiveView.swift */,
				F8A000000000000000000019 /* CodeReviewView.swift */,
				F1A000000000000000000011 /* HealthView.swift */,
				F5D000000000000000000003 /* MomentsView.swift */,
				F1A000000000000000000012 /* MemoryView.swift */,
				F1A000000000000000000013 /* AlarmView.swift */,
				F1A000000000000000000014 /* CycleView.swift */,
				F1A000000000000000000015 /* FavoritesView.swift */,
				F1A000000000000000000016 /* SettingsView.swift */,
				F7F00000000000000000009C /* MCPRegistryView.swift */,
				F7F00000000000000000009D /* TranslationView.swift */,
				F7F00000000000000000009E /* ExchangeRateView.swift */,
				F7F000000000000000000A0 /* NewsView.swift */,
				F7F000000000000000000A1 /* CustomProviderView.swift */,
				F7F000000000000000000A3 /* APIPickerBar.swift */,
				F7F000000000000000000A6 /* AnniversaryView.swift */,
				F7F000000000000000000A7 /* PomodoroView.swift */,
				F7F000000000000000000A8 /* FileManagerView.swift */,
			);
			path = Views;
			sourceTree = "<group>";
		};
/* End PBXGroup section */

/* Begin PBXNativeTarget section */
		D0D000000000000000000006 /* Keke */ = {
			isa = PBXNativeTarget;
			buildConfigurationList = D0D00000000000000000000F /* Build configuration list for PBXNativeTarget "Keke" */;
			buildPhases = (
				D0D000000000000000000009 /* Sources */,
				D0D000000000000000000002 /* Frameworks */,
				D0D000000000000000000008 /* Resources */,
			);
			buildRules = (
			);
			dependencies = (
			);
			name = Keke;
			productName = Keke;
			productReference = D0D000000000000000000005 /* Keke.app */;
			productType = "com.apple.product-type.application";
		};
/* End PBXNativeTarget section */

/* Begin PBXProject section */
		D0D000000000000000000007 /* Project object */ = {
			isa = PBXProject;
			attributes = {
				BuildIndependentTargetsInParallel = 1;
				LastSwiftUpdateCheck = 1500;
				LastUpgradeCheck = 1500;
				TargetAttributes = {
					D0D000000000000000000006 = {
						CreatedOnToolsVersion = 15.0;
					};
				};
			};
			buildConfigurationList = D0D00000000000000000000E /* Build configuration list for PBXProject "KekeApp" */;
			developmentRegion = en;
			hasScannedForEncodings = 0;
			knownRegions = (
				en,
				Base,
			);
			mainGroup = D0D000000000000000000003;
			productRefGroup = D0D000000000000000000004 /* Products */;
			projectDirPath = "";
			projectRoot = "";
			targets = (
				D0D000000000000000000006 /* Keke */,
			);
		};
/* End PBXProject section */

/* Begin PBXResourcesBuildPhase section */
		D0D000000000000000000008 /* Resources */ = {
			isa = PBXResourcesBuildPhase;
			buildActionMask = 2147483647;
			files = (
				B1A000000000000000000017 /* Assets.xcassets in Resources */,
			);
			runOnlyForDeploymentPostprocessing = 0;
		};
/* End PBXResourcesBuildPhase section */

/* Begin PBXSourcesBuildPhase section */
		D0D000000000000000000009 /* Sources */ = {
			isa = PBXSourcesBuildPhase;
			buildActionMask = 2147483647;
			files = (
				B1A000000000000000000001 /* KekeApp.swift in Sources */,
				B1A000000000000000000002 /* Theme.swift in Sources */,
				B6E000000000000000000001 /* Localization.swift in Sources */,
				B1A000000000000000000003 /* ChatMessage.swift in Sources */,
				B5D000000000000000000001 /* Moment.swift in Sources */,
				B8A000000000000000000001 /* Book.swift in Sources */,
				B1A000000000000000000004 /* ClaudeService.swift in Sources */,
				B3B000000000000000000001 /* Providers.swift in Sources */,
				B1A000000000000000000005 /* ChatStore.swift in Sources */,
				B1A000000000000000000006 /* HealthService.swift in Sources */,
				B1A000000000000000000007 /* MemoryService.swift in Sources */,
				B1A000000000000000000008 /* NudgeService.swift in Sources */,
				B1A000000000000000000009 /* DeviceContextService.swift in Sources */,
				B1A00000000000000000000A /* AlarmService.swift in Sources */,
				B1A00000000000000000000B /* CycleService.swift in Sources */,
				B1A00000000000000000000C /* Attachments.swift in Sources */,
				B4C000000000000000000001 /* KeyboardObserver.swift in Sources */,
				B5D000000000000000000002 /* MomentsStore.swift in Sources */,
				B7F000000000000000000004 /* PetStatsService.swift in Sources */,
				B8A000000000000000000002 /* BookService.swift in Sources */,
				B8A000000000000000000004 /* CalendarService.swift in Sources */,
				B1A00000000000000000000D /* RootView.swift in Sources */,
				B7F000000000000000000002 /* BottomTabBar.swift in Sources */,
				B7F000000000000000000001 /* HomeView.swift in Sources */,
				B7F000000000000000000098 /* PersonaPickerView.swift in Sources */,
				B7F000000000000000000099 /* Persona.swift in Sources */,
				B7F000000000000000000003 /* ExploreView.swift in Sources */,
				B7F000000000000000000005 /* GamesView.swift in Sources */,
				B8A000000000000000000003 /* ReadingView.swift in Sources */,
				B8A000000000000000000005 /* CalendarView.swift in Sources */,
				B8A000000000000000000006 /* DiaryEntry.swift in Sources */,
				B8A000000000000000000007 /* DiaryService.swift in Sources */,
				B8A000000000000000000008 /* DiaryView.swift in Sources */,
				B8A000000000000000000009 /* Drawing.swift in Sources */,
				B8A00000000000000000000A /* DrawService.swift in Sources */,
				B8A00000000000000000000B /* DrawView.swift in Sources */,
				B8A00000000000000000000C /* MemoryDatabase.swift in Sources */,
				B8A00000000000000000000D /* ElevenLabsService.swift in Sources */,
				B8A00000000000000000000E /* VoiceCallService.swift in Sources */,
				B8A00000000000000000000F /* CallView.swift in Sources */,
				B8A000000000000000000010 /* Contact.swift in Sources */,
				B8A000000000000000000011 /* ContactChatSession.swift in Sources */,
				B8A000000000000000000012 /* ChatListView.swift in Sources */,
				B8A000000000000000000013 /* KekeStateService.swift in Sources */,
				B8A000000000000000000014 /* ClawdCharacterView.swift in Sources */,
				B7F00000000000000000009A /* OctoCharacterView.swift in Sources */,
				B8A000000000000000000015 /* KekeStateDetailView.swift in Sources */,
				B8A000000000000000000016 /* CompanionTimerView.swift in Sources */,
				B8A000000000000000000017 /* ChatArchiveView.swift in Sources */,
				B8A000000000000000000018 /* GitHubReaderService.swift in Sources */,
				B8A000000000000000000019 /* CodeReviewView.swift in Sources */,
				B7F00000000000000000009B /* MCPRegistry.swift in Sources */,
				B7F000000000000000000C8 /* StreamDecoding.swift in Sources */,
				B7F0000000000000000D10 /* UsageStats.swift in Sources */,
				B7F0000000000000000D30 /* BackupService.swift in Sources */,
				B7F0000000000000000D50 /* GenerationFallback.swift in Sources */,
				B7F0000000000000000D60 /* ErrorLog.swift in Sources */,
				B7F0000000000000000F40 /* RequestLog.swift in Sources */,
				B7F0000000000000000F70 /* PersonaTuning.swift in Sources */,
				B7F0000000000000000FA0 /* MemorySmartAdd.swift in Sources */,
				B7F0000000000000000FC0 /* ChatSpeech.swift in Sources */,
				B7F0000000000000000F30 /* WebSearchTool.swift in Sources */,
				B7F0000000000000000F20 /* SearchProviders.swift in Sources */,
				B7F0000000000000000F10 /* SearchProvider.swift in Sources */,
				B7F0000000000000000E70 /* MCPServerRegistry.swift in Sources */,
				B7F0000000000000000E60 /* MCPApprovalGate.swift in Sources */,
				B7F0000000000000000E50 /* MCPRemoteTool.swift in Sources */,
				B7F0000000000000000E40 /* MCPConnection.swift in Sources */,
				B7F0000000000000000E30 /* MCPServerConfig.swift in Sources */,
				B7F0000000000000000E20 /* MCPTransport.swift in Sources */,
				B7F0000000000000000E10 /* MCPProtocol.swift in Sources */,
				B7F0000000000000000D00 /* APIFailure.swift in Sources */,
				B7F0000000000000000CF0 /* OnDeviceRouter.swift in Sources */,
				B7F0000000000000000CE0 /* RouteDecision.swift in Sources */,
				B7F0000000000000000CD0 /* ToolResultEnvelope.swift in Sources */,
				B7F0000000000000000CC0 /* Tool.swift in Sources */,
				B7F0000000000000000FB0 /* SubModel.swift in Sources */,
				B7F000000000000000000C9 /* ContextCompressor.swift in Sources */,
				B7F000000000000000000CA /* ChatProtocolPrompt.swift in Sources */,
				B7F00000000000000000009C /* MCPRegistryView.swift in Sources */,
				B7F00000000000000000009D /* TranslationView.swift in Sources */,
				B7F00000000000000000009E /* ExchangeRateView.swift in Sources */,
				B7F00000000000000000009F /* NewsMCP.swift in Sources */,
				B7F000000000000000000B0 /* WeatherMCP.swift in Sources */,
				B7F000000000000000000C1 /* AudioPlayerService.swift in Sources */,
				B7F000000000000000000C2 /* AudioMCP.swift in Sources */,
				B7F000000000000000000C3 /* AudioPlayerView.swift in Sources */,
				B7F000000000000000000C4 /* StickerStore.swift in Sources */,
				B7F000000000000000000C5 /* AppleMusicService.swift in Sources */,
				B7F000000000000000000C6 /* AppleMusicTab.swift in Sources */,
				B7F000000000000000000C7 /* KaomojiPickerView.swift in Sources */,
				B7F000000000000000000CB /* MarkdownText.swift in Sources */,
				B7F0000000000000000D20 /* UsageStatsView.swift in Sources */,
				B7F0000000000000000D40 /* BackupView.swift in Sources */,
				B7F0000000000000000D70 /* ErrorLogView.swift in Sources */,
				B7F0000000000000000F60 /* RequestLogView.swift in Sources */,
				B7F0000000000000000F80 /* PersonaTuningView.swift in Sources */,
				B7F0000000000000000F90 /* StorageView.swift in Sources */,
				B7F0000000000000000F50 /* SearchSettingsView.swift in Sources */,
				B7F0000000000000000E80 /* MCPServersView.swift in Sources */,
				B7F000000000000000000A0 /* NewsView.swift in Sources */,
				B7F000000000000000000A1 /* CustomProviderView.swift in Sources */,
				B7F000000000000000000A2 /* ToolAPIConfig.swift in Sources */,
				B7F000000000000000000A3 /* APIPickerBar.swift in Sources */,
				B7F000000000000000000A4 /* ActivityLog.swift in Sources */,
				B7F000000000000000000A5 /* Anniversary.swift in Sources */,
				B7F000000000000000000A6 /* AnniversaryView.swift in Sources */,
				B7F000000000000000000A7 /* PomodoroView.swift in Sources */,
				B7F000000000000000000A8 /* FileManagerView.swift in Sources */,
				B7F000000000000000000A9 /* TypingRhythm.swift in Sources */,
				B7F000000000000000000AB /* APIKeyStore.swift in Sources */,
				B1A00000000000000000000F /* ChatView.swift in Sources */,
				B1A000000000000000000010 /* KekeCharacterView.swift in Sources */,
				B1A000000000000000000011 /* HealthView.swift in Sources */,
				B5D000000000000000000003 /* MomentsView.swift in Sources */,
				B1A000000000000000000012 /* MemoryView.swift in Sources */,
				B1A000000000000000000013 /* AlarmView.swift in Sources */,
				B1A000000000000000000014 /* CycleView.swift in Sources */,
				B1A000000000000000000015 /* FavoritesView.swift in Sources */,
				B1A000000000000000000016 /* SettingsView.swift in Sources */,
			);
			runOnlyForDeploymentPostprocessing = 0;
		};
/* End PBXSourcesBuildPhase section */

/* Begin XCBuildConfiguration section */
		D0D00000000000000000000A /* Debug */ = {
			isa = XCBuildConfiguration;
			buildSettings = {
				ALWAYS_SEARCH_USER_PATHS = NO;
				ASSETCATALOG_COMPILER_GENERATE_ASSET_SYMBOL_EXTENSIONS = YES;
				CLANG_ANALYZER_NONNULL = YES;
				CLANG_ANALYZER_NUMBER_OBJECT_CONVERSION = YES_AGGRESSIVE;
				CLANG_CXX_LANGUAGE_STANDARD = "gnu++20";
				CLANG_ENABLE_MODULES = YES;
				CLANG_ENABLE_OBJC_ARC = YES;
				CLANG_ENABLE_OBJC_WEAK = YES;
				CLANG_WARN_BLOCK_CAPTURE_AUTORELEASING = YES;
				CLANG_WARN_BOOL_CONVERSION = YES;
				CLANG_WARN_COMMA = YES;
				CLANG_WARN_CONSTANT_CONVERSION = YES;
				CLANG_WARN_DEPRECATED_OBJC_IMPLEMENTATIONS = YES;
				CLANG_WARN_DIRECT_OBJC_ISA_USAGE = YES_ERROR;
				CLANG_WARN_DOCUMENTATION_COMMENTS = YES;
				CLANG_WARN_EMPTY_BODY = YES;
				CLANG_WARN_ENUM_CONVERSION = YES;
				CLANG_WARN_INFINITE_RECURSION = YES;
				CLANG_WARN_INT_CONVERSION = YES;
				CLANG_WARN_NON_LITERAL_NULL_CONVERSION = YES;
				CLANG_WARN_OBJC_IMPLICIT_RETAIN_SELF = YES;
				CLANG_WARN_OBJC_LITERAL_CONVERSION = YES;
				CLANG_WARN_OBJC_ROOT_CLASS = YES_ERROR;
				CLANG_WARN_QUOTED_INCLUDE_IN_FRAMEWORK_HEADER = YES;
				CLANG_WARN_RANGE_LOOP_ANALYSIS = YES;
				CLANG_WARN_STRICT_PROTOTYPES = YES;
				CLANG_WARN_SUSPICIOUS_MOVE = YES;
				CLANG_WARN_UNGUARDED_AVAILABILITY = YES_AGGRESSIVE;
				CLANG_WARN_UNREACHABLE_CODE = YES;
				CLANG_WARN__DUPLICATE_METHOD_MATCH = YES;
				COPY_PHASE_STRIP = NO;
				DEBUG_INFORMATION_FORMAT = dwarf;
				ENABLE_STRICT_OBJC_MSGSEND = YES;
				ENABLE_TESTABILITY = YES;
				ENABLE_USER_SCRIPT_SANDBOXING = YES;
				GCC_C_LANGUAGE_STANDARD = gnu17;
				GCC_DYNAMIC_NO_PIC = NO;
				GCC_NO_COMMON_BLOCKS = YES;
				GCC_OPTIMIZATION_LEVEL = 0;
				GCC_PREPROCESSOR_DEFINITIONS = (
					"DEBUG=1",
					"$(inherited)",
				);
				GCC_WARN_64_TO_32_BIT_CONVERSION = YES;
				GCC_WARN_ABOUT_RETURN_TYPE = YES_ERROR;
				GCC_WARN_UNDECLARED_SELECTOR = YES;
				GCC_WARN_UNINITIALIZED_AUTOS = YES_AGGRESSIVE;
				GCC_WARN_UNUSED_FUNCTION = YES;
				GCC_WARN_UNUSED_VARIABLE = YES;
				IPHONEOS_DEPLOYMENT_TARGET = 16.1;
				LOCALIZATION_PREFERS_STRING_CATALOGS = YES;
				MTL_ENABLE_DEBUG_INFO = INCLUDE_SOURCE;
				MTL_FAST_MATH = YES;
				ONLY_ACTIVE_ARCH = YES;
				SDKROOT = iphoneos;
				SWIFT_ACTIVE_COMPILATION_CONDITIONS = "DEBUG $(inherited)";
				SWIFT_OPTIMIZATION_LEVEL = "-Onone";
			};
			name = Debug;
		};
		D0D00000000000000000000B /* Release */ = {
			isa = XCBuildConfiguration;
			buildSettings = {
				ALWAYS_SEARCH_USER_PATHS = NO;
				ASSETCATALOG_COMPILER_GENERATE_ASSET_SYMBOL_EXTENSIONS = YES;
				CLANG_ANALYZER_NONNULL = YES;
				CLANG_ANALYZER_NUMBER_OBJECT_CONVERSION = YES_AGGRESSIVE;
				CLANG_CXX_LANGUAGE_STANDARD = "gnu++20";
				CLANG_ENABLE_MODULES = YES;
				CLANG_ENABLE_OBJC_ARC = YES;
				CLANG_ENABLE_OBJC_WEAK = YES;
				CLANG_WARN_BLOCK_CAPTURE_AUTORELEASING = YES;
				CLANG_WARN_BOOL_CONVERSION = YES;
				CLANG_WARN_COMMA = YES;
				CLANG_WARN_CONSTANT_CONVERSION = YES;
				CLANG_WARN_DEPRECATED_OBJC_IMPLEMENTATIONS = YES;
				CLANG_WARN_DIRECT_OBJC_ISA_USAGE = YES_ERROR;
				CLANG_WARN_DOCUMENTATION_COMMENTS = YES;
				CLANG_WARN_EMPTY_BODY = YES;
				CLANG_WARN_ENUM_CONVERSION = YES;
				CLANG_WARN_INFINITE_RECURSION = YES;
				CLANG_WARN_INT_CONVERSION = YES;
				CLANG_WARN_NON_LITERAL_NULL_CONVERSION = YES;
				CLANG_WARN_OBJC_IMPLICIT_RETAIN_SELF = YES;
				CLANG_WARN_OBJC_LITERAL_CONVERSION = YES;
				CLANG_WARN_OBJC_ROOT_CLASS = YES_ERROR;
				CLANG_WARN_QUOTED_INCLUDE_IN_FRAMEWORK_HEADER = YES;
				CLANG_WARN_RANGE_LOOP_ANALYSIS = YES;
				CLANG_WARN_STRICT_PROTOTYPES = YES;
				CLANG_WARN_SUSPICIOUS_MOVE = YES;
				CLANG_WARN_UNGUARDED_AVAILABILITY = YES_AGGRESSIVE;
				CLANG_WARN_UNREACHABLE_CODE = YES;
				CLANG_WARN__DUPLICATE_METHOD_MATCH = YES;
				COPY_PHASE_STRIP = NO;
				DEBUG_INFORMATION_FORMAT = "dwarf-with-dsym";
				ENABLE_NS_ASSERTIONS = NO;
				ENABLE_STRICT_OBJC_MSGSEND = YES;
				ENABLE_USER_SCRIPT_SANDBOXING = YES;
				GCC_C_LANGUAGE_STANDARD = gnu17;
				GCC_NO_COMMON_BLOCKS = YES;
				GCC_WARN_64_TO_32_BIT_CONVERSION = YES;
				GCC_WARN_ABOUT_RETURN_TYPE = YES_ERROR;
				GCC_WARN_UNDECLARED_SELECTOR = YES;
				GCC_WARN_UNINITIALIZED_AUTOS = YES_AGGRESSIVE;
				GCC_WARN_UNUSED_FUNCTION = YES;
				GCC_WARN_UNUSED_VARIABLE = YES;
				IPHONEOS_DEPLOYMENT_TARGET = 16.1;
				LOCALIZATION_PREFERS_STRING_CATALOGS = YES;
				MTL_ENABLE_DEBUG_INFO = NO;
				MTL_FAST_MATH = YES;
				SDKROOT = iphoneos;
				SWIFT_COMPILATION_MODE = wholemodule;
				VALIDATE_PRODUCT = YES;
			};
			name = Release;
		};
		D0D00000000000000000000C /* Debug */ = {
			isa = XCBuildConfiguration;
			buildSettings = {
				ASSETCATALOG_COMPILER_APPICON_NAME = AppIcon;
				ASSETCATALOG_COMPILER_GLOBAL_ACCENT_COLOR_NAME = AccentColor;
				CODE_SIGN_ENTITLEMENTS = Keke/Keke.entitlements;
				CODE_SIGN_STYLE = Automatic;
				CURRENT_PROJECT_VERSION = 1;
				ENABLE_PREVIEWS = YES;
				GENERATE_INFOPLIST_FILE = YES;
				INFOPLIST_FILE = Info.plist;
				INFOPLIST_KEY_CFBundleDisplayName = "Moonlight🌙";
				INFOPLIST_KEY_NSHealthShareUsageDescription = "让克克知道你的步数、睡眠和身体状态，更好地照顾你";
				INFOPLIST_KEY_UIApplicationSceneManifest_Generation = YES;
				INFOPLIST_KEY_UIApplicationSupportsIndirectInputEvents = YES;
				INFOPLIST_KEY_UILaunchScreen_Generation = YES;
				INFOPLIST_KEY_UISupportedInterfaceOrientations_iPhone = UIInterfaceOrientationPortrait;
				LD_RUNPATH_SEARCH_PATHS = (
					"$(inherited)",
					"@executable_path/Frameworks",
				);
				MARKETING_VERSION = 1.0;
				PRODUCT_BUNDLE_IDENTIFIER = com.moon.keke;
				PRODUCT_NAME = "$(TARGET_NAME)";
				SWIFT_EMIT_LOC_STRINGS = YES;
				SWIFT_VERSION = 5.0;
				TARGETED_DEVICE_FAMILY = 1;
			};
			name = Debug;
		};
		D0D00000000000000000000D /* Release */ = {
			isa = XCBuildConfiguration;
			buildSettings = {
				ASSETCATALOG_COMPILER_APPICON_NAME = AppIcon;
				ASSETCATALOG_COMPILER_GLOBAL_ACCENT_COLOR_NAME = AccentColor;
				CODE_SIGN_ENTITLEMENTS = Keke/Keke.entitlements;
				CODE_SIGN_STYLE = Automatic;
				CURRENT_PROJECT_VERSION = 1;
				ENABLE_PREVIEWS = YES;
				GENERATE_INFOPLIST_FILE = YES;
				INFOPLIST_FILE = Info.plist;
				INFOPLIST_KEY_CFBundleDisplayName = "Moonlight🌙";
				INFOPLIST_KEY_NSHealthShareUsageDescription = "让克克知道你的步数、睡眠和身体状态，更好地照顾你";
				INFOPLIST_KEY_UIApplicationSceneManifest_Generation = YES;
				INFOPLIST_KEY_UIApplicationSupportsIndirectInputEvents = YES;
				INFOPLIST_KEY_UILaunchScreen_Generation = YES;
				INFOPLIST_KEY_UISupportedInterfaceOrientations_iPhone = UIInterfaceOrientationPortrait;
				LD_RUNPATH_SEARCH_PATHS = (
					"$(inherited)",
					"@executable_path/Frameworks",
				);
				MARKETING_VERSION = 1.0;
				PRODUCT_BUNDLE_IDENTIFIER = com.moon.keke;
				PRODUCT_NAME = "$(TARGET_NAME)";
				SWIFT_EMIT_LOC_STRINGS = YES;
				SWIFT_VERSION = 5.0;
				TARGETED_DEVICE_FAMILY = 1;
			};
			name = Release;
		};
/* End XCBuildConfiguration section */

/* Begin XCConfigurationList section */
		D0D00000000000000000000E /* Build configuration list for PBXProject "KekeApp" */ = {
			isa = XCConfigurationList;
			buildConfigurations = (
				D0D00000000000000000000A /* Debug */,
				D0D00000000000000000000B /* Release */,
			);
			defaultConfigurationIsVisible = 0;
			defaultConfigurationName = Release;
		};
		D0D00000000000000000000F /* Build configuration list for PBXNativeTarget "Keke" */ = {
			isa = XCConfigurationList;
			buildConfigurations = (
				D0D00000000000000000000C /* Debug */,
				D0D00000000000000000000D /* Release */,
			);
			defaultConfigurationIsVisible = 0;
			defaultConfigurationName = Release;
		};
/* End XCConfigurationList section */
	};
	rootObject = D0D000000000000000000007 /* Project object */;
}
